
Microsoft Visual Studio Solution File, Format Version 12.00
# Visual Studio Version 16
VisualStudioVersion = 16.0.31424.327
MinimumVisualStudioVersion = 10.0.40219.1
Project("{FAE04EC0-301F-11D3-BF4B-00C04F79EFBC}") = "TypeTreeDumpToTpk", "TypeTreeDumpToTpk\TypeTreeDumpToTpk.csproj", "{61157A4C-F8E9-440A-A1A0-E8E17B660355}"
EndProject
Global
	GlobalSection(SolutionConfigurationPlatforms) = preSolution
		Debug|Any CPU = Debug|Any CPU
		Release|Any CPU = Release|Any CPU
	EndGlobalSection
	GlobalSection(ProjectConfigurationPlatforms) = postSolution
		{61157A4C-F8E9-440A-A1A0-E8E17B660355}.Debug|Any CPU.ActiveCfg = Debug|Any CPU
		{61157A4C-F8E9-440A-A1A0-E8E17B660355}.Debug|Any CPU.Build.0 = Debug|Any CPU
		{61157A4C-F8E9-440A-A1A0-E8E17B660355}.Release|Any CPU.ActiveCfg = Release|Any CPU
		{61157A4C-F8E9-440A-A1A0-E8E17B660355}.Release|Any CPU.Build.0 = Release|Any CPU
	EndGlobalSection
	GlobalSection(SolutionProperties) = preSolution
		HideSolutionNode = FALSE
	EndGlobalSection
	GlobalSection(ExtensibilityGlobals) = postSolution
		SolutionGuid = {2328CA71-C1EE-4A04-AFEB-2181114C7718}
	EndGlobalSection
EndGlobal
